
Microsoft Visual Studio Solution File, Format Version 12.00
# Visual Studio Version 16
VisualStudioVersion = 16.0.33214.272
MinimumVisualStudioVersion = 10.0.40219.1
Project("{FAE04EC0-301F-11D3-BF4B-00C04F79EFBC}") = "Systems", "Systems\Systems.csproj", "{A073E2E2-AF0F-4F5D-A2CA-C4AF86A71792}"
EndProject
Project("{FAE04EC0-301F-11D3-BF4B-00C04F79EFBC}") = "Capa Entidad", "Capa_Entidad\Capa Entidad.csproj", "{DCB188A2-2386-4135-8AE8-C61173D622C8}"
EndProject
Project("{FAE04EC0-301F-11D3-BF4B-00C04F79EFBC}") = "Capa Negocio", "Capa_Negocio\Capa Negocio.csproj", "{31184188-5563-41F2-A64E-1E593BE9CC56}"
EndProject
Project("{FAE04EC0-301F-11D3-BF4B-00C04F79EFBC}") = "Capa_Datos", "Capa_Datos\Capa_Datos.csproj", "{7BBDF0B0-1B0E-48DF-AF5F-AD739E772CD0}"
EndProject
Project("{FAE04EC0-301F-11D3-BF4B-00C04F79EFBC}") = "Capa Usuario", "Capa Usuario\Capa Usuario.csproj", "{CC0B85F2-C710-4DC9-B30A-EB3BEA6BD9AE}"
EndProject
Global
	GlobalSection(SolutionConfigurationPlatforms) = preSolution
		Debug|Any CPU = Debug|Any CPU
		Release|Any CPU = Release|Any CPU
	EndGlobalSection
	GlobalSection(ProjectConfigurationPlatforms) = postSolution
		{A073E2E2-AF0F-4F5D-A2CA-C4AF86A71792}.Debug|Any CPU.ActiveCfg = Debug|Any CPU
		{A073E2E2-AF0F-4F5D-A2CA-C4AF86A71792}.Debug|Any CPU.Build.0 = Debug|Any CPU
		{A073E2E2-AF0F-4F5D-A2CA-C4AF86A71792}.Release|Any CPU.ActiveCfg = Release|Any CPU
		{A073E2E2-AF0F-4F5D-A2CA-C4AF86A71792}.Release|Any CPU.Build.0 = Release|Any CPU
		{DCB188A2-2386-4135-8AE8-C61173D622C8}.Debug|Any CPU.ActiveCfg = Debug|Any CPU
		{DCB188A2-2386-4135-8AE8-C61173D622C8}.Debug|Any CPU.Build.0 = Debug|Any CPU
		{DCB188A2-2386-4135-8AE8-C61173D622C8}.Release|Any CPU.ActiveCfg = Release|Any CPU
		{DCB188A2-2386-4135-8AE8-C61173D622C8}.Release|Any CPU.Build.0 = Release|Any CPU
		{31184188-5563-41F2-A64E-1E593BE9CC56}.Debug|Any CPU.ActiveCfg = Debug|Any CPU
		{31184188-5563-41F2-A64E-1E593BE9CC56}.Debug|Any CPU.Build.0 = Debug|Any CPU
		{31184188-5563-41F2-A64E-1E593BE9CC56}.Release|Any CPU.ActiveCfg = Release|Any CPU
		{31184188-5563-41F2-A64E-1E593BE9CC56}.Release|Any CPU.Build.0 = Release|Any CPU
		{7BBDF0B0-1B0E-48DF-AF5F-AD739E772CD0}.Debug|Any CPU.ActiveCfg = Debug|Any CPU
		{7BBDF0B0-1B0E-48DF-AF5F-AD739E772CD0}.Debug|Any CPU.Build.0 = Debug|Any CPU
		{7BBDF0B0-1B0E-48DF-AF5F-AD739E772CD0}.Release|Any CPU.ActiveCfg = Release|Any CPU
		{7BBDF0B0-1B0E-48DF-AF5F-AD739E772CD0}.Release|Any CPU.Build.0 = Release|Any CPU
		{CC0B85F2-C710-4DC9-B30A-EB3BEA6BD9AE}.Debug|Any CPU.ActiveCfg = Debug|Any CPU
		{CC0B85F2-C710-4DC9-B30A-EB3BEA6BD9AE}.Debug|Any CPU.Build.0 = Debug|Any CPU
		{CC0B85F2-C710-4DC9-B30A-EB3BEA6BD9AE}.Release|Any CPU.ActiveCfg = Release|Any CPU
		{CC0B85F2-C710-4DC9-B30A-EB3BEA6BD9AE}.Release|Any CPU.Build.0 = Release|Any CPU
	EndGlobalSection
	GlobalSection(SolutionProperties) = preSolution
		HideSolutionNode = FALSE
	EndGlobalSection
	GlobalSection(ExtensibilityGlobals) = postSolution
		SolutionGuid = {FB7ECAD1-4016-43B0-BEC2-040940120BBE}
	EndGlobalSection
EndGlobal
